
Microsoft Visual Studio Solution File, Format Version 12.00
# Visual Studio Version 17
VisualStudioVersion = 17.5.33502.453
MinimumVisualStudioVersion = 10.0.40219.1
Project("{FAE04EC0-301F-11D3-BF4B-00C04F79EFBC}") = "Hudl", "Hudl\Hudl.csproj", "{4BF06759-46C0-4CF0-8264-F9CAC06C26B1}"
EndProject
Global
	GlobalSection(SolutionConfigurationPlatforms) = preSolution
		Debug|Any CPU = Debug|Any CPU
		Release|Any CPU = Release|Any CPU
	EndGlobalSection
	GlobalSection(ProjectConfigurationPlatforms) = postSolution
		{4BF06759-46C0-4CF0-8264-F9CAC06C26B1}.Debug|Any CPU.ActiveCfg = Debug|Any CPU
		{4BF06759-46C0-4CF0-8264-F9CAC06C26B1}.Debug|Any CPU.Build.0 = Debug|Any CPU
		{4BF06759-46C0-4CF0-8264-F9CAC06C26B1}.Release|Any CPU.ActiveCfg = Release|Any CPU
		{4BF06759-46C0-4CF0-8264-F9CAC06C26B1}.Release|Any CPU.Build.0 = Release|Any CPU
	EndGlobalSection
	GlobalSection(SolutionProperties) = preSolution
		HideSolutionNode = FALSE
	EndGlobalSection
	GlobalSection(ExtensibilityGlobals) = postSolution
		SolutionGuid = {B55B3351-7B2B-4E48-B445-2093ACF57811}
	EndGlobalSection
EndGlobal
